
Microsoft Visual Studio Solution File, Format Version 11.00
# Visual Studio 2010
Project("{FAE04EC0-301F-11D3-BF4B-00C04F79EFBC}") = "UnityEngine.TestRunner", "UnityEngine.TestRunner.csproj", "{dc8eb981-cf7d-52df-94af-403fba0afe13}"
EndProject
Project("{FAE04EC0-301F-11D3-BF4B-00C04F79EFBC}") = "Unity.Timeline", "Unity.Timeline.csproj", "{e0c61f57-e14b-8883-8ee2-0f88b0c253f3}"
EndProject
Project("{FAE04EC0-301F-11D3-BF4B-00C04F79EFBC}") = "Unity.TextMeshPro", "Unity.TextMeshPro.csproj", "{7418bed2-1bc1-490e-b309-9189859f90ce}"
EndProject
Project("{FAE04EC0-301F-11D3-BF4B-00C04F79EFBC}") = "Assembly-CSharp", "Assembly-CSharp.csproj", "{9a58a24a-b7e9-d6ab-0e7d-d9d306af5fcc}"
EndProject
Project("{FAE04EC0-301F-11D3-BF4B-00C04F79EFBC}") = "UnityEditor.TestRunner", "UnityEditor.TestRunner.csproj", "{fff52cff-fbd7-4602-2153-9843512d8191}"
EndProject
Project("{FAE04EC0-301F-11D3-BF4B-00C04F79EFBC}") = "Unity.PlasticSCM.Editor", "Unity.PlasticSCM.Editor.csproj", "{2a56e2a0-f857-0881-0a3f-3bb38c1aee31}"
EndProject
Project("{FAE04EC0-301F-11D3-BF4B-00C04F79EFBC}") = "Unity.Services.Core.Editor", "Unity.Services.Core.Editor.csproj", "{5a9d82a7-a807-a631-d91a-e5e35fa4249f}"
EndProject
Project("{FAE04EC0-301F-11D3-BF4B-00C04F79EFBC}") = "Unity.Timeline.Editor", "Unity.Timeline.Editor.csproj", "{37b312a4-3cfa-aa56-8e93-a72325845d71}"
EndProject
Project("{FAE04EC0-301F-11D3-BF4B-00C04F79EFBC}") = "Unity.VisualStudio.Editor", "Unity.VisualStudio.Editor.csproj", "{ac7d51e1-13ef-bff0-030e-2baf09398707}"
EndProject
Project("{FAE04EC0-301F-11D3-BF4B-00C04F79EFBC}") = "Unity.TextMeshPro.Editor", "Unity.TextMeshPro.Editor.csproj", "{0424cb9d-5028-ba61-6fc2-c9f224f6f472}"
EndProject
Project("{FAE04EC0-301F-11D3-BF4B-00C04F79EFBC}") = "Unity.CollabProxy.Editor", "Unity.CollabProxy.Editor.csproj", "{4da55097-a977-f396-1f29-e299f5bb8d84}"
EndProject
Project("{FAE04EC0-301F-11D3-BF4B-00C04F79EFBC}") = "Unity.Rider.Editor", "Unity.Rider.Editor.csproj", "{07781ce3-74ab-7eef-0f9f-0a4f3cd15dda}"
EndProject
Project("{FAE04EC0-301F-11D3-BF4B-00C04F79EFBC}") = "Unity.VSCode.Editor", "Unity.VSCode.Editor.csproj", "{6516cf8f-15e4-7afa-7610-8024101fb888}"
EndProject
Global
	GlobalSection(SolutionConfigurationPlatforms) = preSolution
		Debug|Any CPU = Debug|Any CPU
	EndGlobalSection
	GlobalSection(ProjectConfigurationPlatforms) = postSolution
		{dc8eb981-cf7d-52df-94af-403fba0afe13}.Debug|Any CPU.ActiveCfg = Debug|Any CPU
		{dc8eb981-cf7d-52df-94af-403fba0afe13}.Debug|Any CPU.Build.0 = Debug|Any CPU
		{e0c61f57-e14b-8883-8ee2-0f88b0c253f3}.Debug|Any CPU.ActiveCfg = Debug|Any CPU
		{e0c61f57-e14b-8883-8ee2-0f88b0c253f3}.Debug|Any CPU.Build.0 = Debug|Any CPU
		{7418bed2-1bc1-490e-b309-9189859f90ce}.Debug|Any CPU.ActiveCfg = Debug|Any CPU
		{7418bed2-1bc1-490e-b309-9189859f90ce}.Debug|Any CPU.Build.0 = Debug|Any CPU
		{9a58a24a-b7e9-d6ab-0e7d-d9d306af5fcc}.Debug|Any CPU.ActiveCfg = Debug|Any CPU
		{9a58a24a-b7e9-d6ab-0e7d-d9d306af5fcc}.Debug|Any CPU.Build.0 = Debug|Any CPU
		{fff52cff-fbd7-4602-2153-9843512d8191}.Debug|Any CPU.ActiveCfg = Debug|Any CPU
		{fff52cff-fbd7-4602-2153-9843512d8191}.Debug|Any CPU.Build.0 = Debug|Any CPU
		{2a56e2a0-f857-0881-0a3f-3bb38c1aee31}.Debug|Any CPU.ActiveCfg = Debug|Any CPU
		{2a56e2a0-f857-0881-0a3f-3bb38c1aee31}.Debug|Any CPU.Build.0 = Debug|Any CPU
		{5a9d82a7-a807-a631-d91a-e5e35fa4249f}.Debug|Any CPU.ActiveCfg = Debug|Any CPU
		{5a9d82a7-a807-a631-d91a-e5e35fa4249f}.Debug|Any CPU.Build.0 = Debug|Any CPU
		{37b312a4-3cfa-aa56-8e93-a72325845d71}.Debug|Any CPU.ActiveCfg = Debug|Any CPU
		{37b312a4-3cfa-aa56-8e93-a72325845d71}.Debug|Any CPU.Build.0 = Debug|Any CPU
		{ac7d51e1-13ef-bff0-030e-2baf09398707}.Debug|Any CPU.ActiveCfg = Debug|Any CPU
		{ac7d51e1-13ef-bff0-030e-2baf09398707}.Debug|Any CPU.Build.0 = Debug|Any CPU
		{0424cb9d-5028-ba61-6fc2-c9f224f6f472}.Debug|Any CPU.ActiveCfg = Debug|Any CPU
		{0424cb9d-5028-ba61-6fc2-c9f224f6f472}.Debug|Any CPU.Build.0 = Debug|Any CPU
		{4da55097-a977-f396-1f29-e299f5bb8d84}.Debug|Any CPU.ActiveCfg = Debug|Any CPU
		{4da55097-a977-f396-1f29-e299f5bb8d84}.Debug|Any CPU.Build.0 = Debug|Any CPU
		{07781ce3-74ab-7eef-0f9f-0a4f3cd15dda}.Debug|Any CPU.ActiveCfg = Debug|Any CPU
		{07781ce3-74ab-7eef-0f9f-0a4f3cd15dda}.Debug|Any CPU.Build.0 = Debug|Any CPU
		{6516cf8f-15e4-7afa-7610-8024101fb888}.Debug|Any CPU.ActiveCfg = Debug|Any CPU
		{6516cf8f-15e4-7afa-7610-8024101fb888}.Debug|Any CPU.Build.0 = Debug|Any CPU
	EndGlobalSection
	GlobalSection(SolutionProperties) = preSolution
		HideSolutionNode = FALSE
	EndGlobalSection
EndGlobal
